// !$*UTF8*$!
{
	archiveVersion = 1;
	classes = {
	};
	objectVersion = 56;
	objects = {

/* Begin PBXBuildFile section */
		61F3E40C2A90E71300B016CE /* AppDelegate.swift in Sources */ = {isa = PBXBuildFile; fileRef = 61F3E40B2A90E71300B016CE /* AppDelegate.swift */; };
		61F3E40E2A90E71300B016CE /* SceneDelegate.swift in Sources */ = {isa = PBXBuildFile; fileRef = 61F3E40D2A90E71300B016CE /* SceneDelegate.swift */; };
		61F3E4102A90E71300B016CE /* ViewController.swift in Sources */ = {isa = PBXBuildFile; fileRef = 61F3E40F2A90E71300B016CE /* ViewController.swift */; };
		61F3E4132A90E71300B016CE /* Main.storyboard in Resources */ = {isa = PBXBuildFile; fileRef = 61F3E4112A90E71300B016CE /* Main.storyboard */; };
		61F3E4162A90E71300B016CE /* ChatApp.xcdatamodeld in Sources */ = {isa = PBXBuildFile; fileRef = 61F3E4142A90E71300B016CE /* ChatApp.xcdatamodeld */; };
		61F3E4182A90E71400B016CE /* Assets.xcassets in Resources */ = {isa = PBXBuildFile; fileRef = 61F3E4172A90E71400B016CE /* Assets.xcassets */; };
		61F3E41B2A90E71400B016CE /* LaunchScreen.storyboard in Resources */ = {isa = PBXBuildFile; fileRef = 61F3E4192A90E71400B016CE /* LaunchScreen.storyboard */; };
		61F3E4262A90E71400B016CE /* ChatAppTests.swift in Sources */ = {isa = PBXBuildFile; fileRef = 61F3E4252A90E71400B016CE /* ChatAppTests.swift */; };
		61F3E4302A90E71400B016CE /* ChatAppUITests.swift in Sources */ = {isa = PBXBuildFile; fileRef = 61F3E42F2A90E71400B016CE /* ChatAppUITests.swift */; };
		61F3E4322A90E71400B016CE /* ChatAppUITestsLaunchTests.swift in Sources */ = {isa = PBXBuildFile; fileRef = 61F3E4312A90E71400B016CE /* ChatAppUITestsLaunchTests.swift */; };
		61F3E4432A90E82A00B016CE /* ChatViewController.swift in Sources */ = {isa = PBXBuildFile; fileRef = 61F3E43F2A90E82A00B016CE /* ChatViewController.swift */; };
		61F3E4442A90E82A00B016CE /* WelcomeViewController.swift in Sources */ = {isa = PBXBuildFile; fileRef = 61F3E4402A90E82A00B016CE /* WelcomeViewController.swift */; };
		61F3E4452A90E82A00B016CE /* LoginViewController.swift in Sources */ = {isa = PBXBuildFile; fileRef = 61F3E4412A90E82A00B016CE /* LoginViewController.swift */; };
		61F3E4462A90E82A00B016CE /* RegisterViewController.swift in Sources */ = {isa = PBXBuildFile; fileRef = 61F3E4422A90E82A00B016CE /* RegisterViewController.swift */; };
/* End PBXBuildFile section */

/* Begin PBXContainerItemProxy section */
		61F3E4222A90E71400B016CE /* PBXContainerItemProxy */ = {
			isa = PBXContainerItemProxy;
			containerPortal = 61F3E4002A90E71300B016CE /* Project object */;
			proxyType = 1;
			remoteGlobalIDString = 61F3E4072A90E71300B016CE;
			remoteInfo = ChatApp;
		};
		61F3E42C2A90E71400B016CE /* PBXContainerItemProxy */ = {
			isa = PBXContainerItemProxy;
			containerPortal = 61F3E4002A90E71300B016CE /* Project object */;
			proxyType = 1;
			remoteGlobalIDString = 61F3E4072A90E71300B016CE;
			remoteInfo = ChatApp;
		};
/* End PBXContainerItemProxy section */

/* Begin PBXFileReference section */
		61F3E4082A90E71300B016CE /* ChatApp.app */ = {isa = PBXFileReference; explicitFileType = wrapper.application; includeInIndex = 0; path = ChatApp.app; sourceTree = BUILT_PRODUCTS_DIR; };
		61F3E40B2A90E71300B016CE /* AppDelegate.swift */ = {isa = PBXFileReference; lastKnownFileType = sourcecode.swift; path = AppDelegate.swift; sourceTree = "<group>"; };
		61F3E40D2A90E71300B016CE /* SceneDelegate.swift */ = {isa = PBXFileReference; lastKnownFileType = sourcecode.swift; path = SceneDelegate.swift; sourceTree = "<group>"; };
		61F3E40F2A90E71300B016CE /* ViewController.swift */ = {isa = PBXFileReference; lastKnownFileType = sourcecode.swift; path = ViewController.swift; sourceTree = "<group>"; };
		61F3E4122A90E71300B016CE /* Base */ = {isa = PBXFileReference; lastKnownFileType = file.storyboard; name = Base; path = Base.lproj/Main.storyboard; sourceTree = "<group>"; };
		61F3E4152A90E71300B016CE /* ChatApp.xcdatamodel */ = {isa = PBXFileReference; lastKnownFileType = wrapper.xcdatamodel; path = ChatApp.xcdatamodel; sourceTree = "<group>"; };
		61F3E4172A90E71400B016CE /* Assets.xcassets */ = {isa = PBXFileReference; lastKnownFileType = folder.assetcatalog; path = Assets.xcassets; sourceTree = "<group>"; };
		61F3E41A2A90E71400B016CE /* Base */ = {isa = PBXFileReference; lastKnownFileType = file.storyboard; name = Base; path = Base.lproj/LaunchScreen.storyboard; sourceTree = "<group>"; };
		61F3E41C2A90E71400B016CE /* Info.plist */ = {isa = PBXFileReference; lastKnownFileType = text.plist.xml; path = Info.plist; sourceTree = "<group>"; };
		61F3E4212A90E71400B016CE /* ChatAppTests.xctest */ = {isa = PBXFileReference; explicitFileType = wrapper.cfbundle; includeInIndex = 0; path = ChatAppTests.xctest; sourceTree = BUILT_PRODUCTS_DIR; };
		61F3E4252A90E71400B016CE /* ChatAppTests.swift */ = {isa = PBXFileReference; lastKnownFileType = sourcecode.swift; path = ChatAppTests.swift; sourceTree = "<group>"; };
		61F3E42B2A90E71400B016CE /* ChatAppUITests.xctest */ = {isa = PBXFileReference; explicitFileType = wrapper.cfbundle; includeInIndex = 0; path = ChatAppUITests.xctest; sourceTree = BUILT_PRODUCTS_DIR; };
		61F3E42F2A90E71400B016CE /* ChatAppUITests.swift */ = {isa = PBXFileReference; lastKnownFileType = sourcecode.swift; path = ChatAppUITests.swift; sourceTree = "<group>"; };
		61F3E4312A90E71400B016CE /* ChatAppUITestsLaunchTests.swift */ = {isa = PBXFileReference; lastKnownFileType = sourcecode.swift; path = ChatAppUITestsLaunchTests.swift; sourceTree = "<group>"; };
		61F3E43F2A90E82A00B016CE /* ChatViewController.swift */ = {isa = PBXFileReference; fileEncoding = 4; lastKnownFileType = sourcecode.swift; path = ChatViewController.swift; sourceTree = "<group>"; };
		61F3E4402A90E82A00B016CE /* WelcomeViewController.swift */ = {isa = PBXFileReference; fileEncoding = 4; lastKnownFileType = sourcecode.swift; path = WelcomeViewController.swift; sourceTree = "<group>"; };
		61F3E4412A90E82A00B016CE /* LoginViewController.swift */ = {isa = PBXFileReference; fileEncoding = 4; lastKnownFileType = sourcecode.swift; path = LoginViewController.swift; sourceTree = "<group>"; };
		61F3E4422A90E82A00B016CE /* RegisterViewController.swift */ = {isa = PBXFileReference; fileEncoding = 4; lastKnownFileType = sourcecode.swift; path = RegisterViewController.swift; sourceTree = "<group>"; };
/* End PBXFileReference section */

/* Begin PBXFrameworksBuildPhase section */
		61F3E4052A90E71300B016CE /* Frameworks */ = {
			isa = PBXFrameworksBuildPhase;
			buildActionMask = 2147483647;
			files = (
			);
			runOnlyForDeploymentPostprocessing = 0;
		};
		61F3E41E2A90E71400B016CE /* Frameworks */ = {
			isa = PBXFrameworksBuildPhase;
			buildActionMask = 2147483647;
			files = (
			);
			runOnlyForDeploymentPostprocessing = 0;
		};
		61F3E4282A90E71400B016CE /* Frameworks */ = {
			isa = PBXFrameworksBuildPhase;
			buildActionMask = 2147483647;
			files = (
			);
			runOnlyForDeploymentPostprocessing = 0;
		};
/* End PBXFrameworksBuildPhase section */

/* Begin PBXGroup section */
		61F3E3FF2A90E71300B016CE = {
			isa = PBXGroup;
			children = (
				61F3E40A2A90E71300B016CE /* ChatApp */,
				61F3E4242A90E71400B016CE /* ChatAppTests */,
				61F3E42E2A90E71400B016CE /* ChatAppUITests */,
				61F3E4092A90E71300B016CE /* Products */,
			);
			sourceTree = "<group>";
		};
		61F3E4092A90E71300B016CE /* Products */ = {
			isa = PBXGroup;
			children = (
				61F3E4082A90E71300B016CE /* ChatApp.app */,
				61F3E4212A90E71400B016CE /* ChatAppTests.xctest */,
				61F3E42B2A90E71400B016CE /* ChatAppUITests.xctest */,
			);
			name = Products;
			sourceTree = "<group>";
		};
		61F3E40A2A90E71300B016CE /* ChatApp */ = {
			isa = PBXGroup;
			children = (
				61F3E43E2A90E82A00B016CE /* Controllers */,
				61F3E40B2A90E71300B016CE /* AppDelegate.swift */,
				61F3E40D2A90E71300B016CE /* SceneDelegate.swift */,
				61F3E40F2A90E71300B016CE /* ViewController.swift */,
				61F3E4112A90E71300B016CE /* Main.storyboard */,
				61F3E4172A90E71400B016CE /* Assets.xcassets */,
				61F3E4192A90E71400B016CE /* LaunchScreen.storyboard */,
				61F3E41C2A90E71400B016CE /* Info.plist */,
				61F3E4142A90E71300B016CE /* ChatApp.xcdatamodeld */,
			);
			path = ChatApp;
			sourceTree = "<group>";
		};
		61F3E4242A90E71400B016CE /* ChatAppTests */ = {
			isa = PBXGroup;
			children = (
				61F3E4252A90E71400B016CE /* ChatAppTests.swift */,
			);
			path = ChatAppTests;
			sourceTree = "<group>";
		};
		61F3E42E2A90E71400B016CE /* ChatAppUITests */ = {
			isa = PBXGroup;
			children = (
				61F3E42F2A90E71400B016CE /* ChatAppUITests.swift */,
				61F3E4312A90E71400B016CE /* ChatAppUITestsLaunchTests.swift */,
			);
			path = ChatAppUITests;
			sourceTree = "<group>";
		};
		61F3E43E2A90E82A00B016CE /* Controllers */ = {
			isa = PBXGroup;
			children = (
				61F3E43F2A90E82A00B016CE /* ChatViewController.swift */,
				61F3E4402A90E82A00B016CE /* WelcomeViewController.swift */,
				61F3E4412A90E82A00B016CE /* LoginViewController.swift */,
				61F3E4422A90E82A00B016CE /* RegisterViewController.swift */,
			);
			path = Controllers;
			sourceTree = "<group>";
		};
/* End PBXGroup section */

/* Begin PBXNativeTarget section */
		61F3E4072A90E71300B016CE /* ChatApp */ = {
			isa = PBXNativeTarget;
			buildConfigurationList = 61F3E4352A90E71400B016CE /* Build configuration list for PBXNativeTarget "ChatApp" */;
			buildPhases = (
				61F3E4042A90E71300B016CE /* Sources */,
				61F3E4052A90E71300B016CE /* Frameworks */,
				61F3E4062A90E71300B016CE /* Resources */,
			);
			buildRules = (
			);
			dependencies = (
			);
			name = ChatApp;
			productName = ChatApp;
			productReference = 61F3E4082A90E71300B016CE /* ChatApp.app */;
			productType = "com.apple.product-type.application";
		};
		61F3E4202A90E71400B016CE /* ChatAppTests */ = {
			isa = PBXNativeTarget;
			buildConfigurationList = 61F3E4382A90E71400B016CE /* Build configuration list for PBXNativeTarget "ChatAppTests" */;
			buildPhases = (
				61F3E41D2A90E71400B016CE /* Sources */,
				61F3E41E2A90E71400B016CE /* Frameworks */,
				61F3E41F2A90E71400B016CE /* Resources */,
			);
			buildRules = (
			);
			dependencies = (
				61F3E4232A90E71400B016CE /* PBXTargetDependency */,
			);
			name = ChatAppTests;
			productName = ChatAppTests;
			productReference = 61F3E4212A90E71400B016CE /* ChatAppTests.xctest */;
			productType = "com.apple.product-type.bundle.unit-test";
		};
		61F3E42A2A90E71400B016CE /* ChatAppUITests */ = {
			isa = PBXNativeTarget;
			buildConfigurationList = 61F3E43B2A90E71400B016CE /* Build configuration list for PBXNativeTarget "ChatAppUITests" */;
			buildPhases = (
				61F3E4272A90E71400B016CE /* Sources */,
				61F3E4282A90E71400B016CE /* Frameworks */,
				61F3E4292A90E71400B016CE /* Resources */,
			);
			buildRules = (
			);
			dependencies = (
				61F3E42D2A90E71400B016CE /* PBXTargetDependency */,
			);
			name = ChatAppUITests;
			productName = ChatAppUITests;
			productReference = 61F3E42B2A90E71400B016CE /* ChatAppUITests.xctest */;
			productType = "com.apple.product-type.bundle.ui-testing";
		};
/* End PBXNativeTarget section */

/* Begin PBXProject section */
		61F3E4002A90E71300B016CE /* Project object */ = {
			isa = PBXProject;
			attributes = {
				BuildIndependentTargetsInParallel = 1;
				LastSwiftUpdateCheck = 1420;
				LastUpgradeCheck = 1420;
				TargetAttributes = {
					61F3E4072A90E71300B016CE = {
						CreatedOnToolsVersion = 14.2;
					};
					61F3E4202A90E71400B016CE = {
						CreatedOnToolsVersion = 14.2;
						TestTargetID = 61F3E4072A90E71300B016CE;
					};
					61F3E42A2A90E71400B016CE = {
						CreatedOnToolsVersion = 14.2;
						TestTargetID = 61F3E4072A90E71300B016CE;
					};
				};
			};
			buildConfigurationList = 61F3E4032A90E71300B016CE /* Build configuration list for PBXProject "ChatApp" */;
			compatibilityVersion = "Xcode 14.0";
			developmentRegion = en;
			hasScannedForEncodings = 0;
			knownRegions = (
				en,
				Base,
			);
			mainGroup = 61F3E3FF2A90E71300B016CE;
			productRefGroup = 61F3E4092A90E71300B016CE /* Products */;
			projectDirPath = "";
			projectRoot = "";
			targets = (
				61F3E4072A90E71300B016CE /* ChatApp */,
				61F3E4202A90E71400B016CE /* ChatAppTests */,
				61F3E42A2A90E71400B016CE /* ChatAppUITests */,
			);
		};
/* End PBXProject section */

/* Begin PBXResourcesBuildPhase section */
		61F3E4062A90E71300B016CE /* Resources */ = {
			isa = PBXResourcesBuildPhase;
			buildActionMask = 2147483647;
			files = (
				61F3E41B2A90E71400B016CE /* LaunchScreen.storyboard in Resources */,
				61F3E4182A90E71400B016CE /* Assets.xcassets in Resources */,
				61F3E4132A90E71300B016CE /* Main.storyboard in Resources */,
			);
			runOnlyForDeploymentPostprocessing = 0;
		};
		61F3E41F2A90E71400B016CE /* Resources */ = {
			isa = PBXResourcesBuildPhase;
			buildActionMask = 2147483647;
			files = (
			);
			runOnlyForDeploymentPostprocessing = 0;
		};
		61F3E4292A90E71400B016CE /* Resources */ = {
			isa = PBXResourcesBuildPhase;
			buildActionMask = 2147483647;
			files = (
			);
			runOnlyForDeploymentPostprocessing = 0;
		};
/* End PBXResourcesBuildPhase section */

/* Begin PBXSourcesBuildPhase section */
		61F3E4042A90E71300B016CE /* Sources */ = {
			isa = PBXSourcesBuildPhase;
			buildActionMask = 2147483647;
			files = (
				61F3E4452A90E82A00B016CE /* LoginViewController.swift in Sources */,
				61F3E4102A90E71300B016CE /* ViewController.swift in Sources */,
				61F3E4162A90E71300B016CE /* ChatApp.xcdatamodeld in Sources */,
				61F3E4462A90E82A00B016CE /* RegisterViewController.swift in Sources */,
				61F3E40C2A90E71300B016CE /* AppDelegate.swift in Sources */,
				61F3E4442A90E82A00B016CE /* WelcomeViewController.swift in Sources */,
				61F3E4432A90E82A00B016CE /* ChatViewController.swift in Sources */,
				61F3E40E2A90E71300B016CE /* SceneDelegate.swift in Sources */,
			);
			runOnlyForDeploymentPostprocessing = 0;
		};
		61F3E41D2A90E71400B016CE /* Sources */ = {
			isa = PBXSourcesBuildPhase;
			buildActionMask = 2147483647;
			files = (
				61F3E4262A90E71400B016CE /* ChatAppTests.swift in Sources */,
			);
			runOnlyForDeploymentPostprocessing = 0;
		};
		61F3E4272A90E71400B016CE /* Sources */ = {
			isa = PBXSourcesBuildPhase;
			buildActionMask = 2147483647;
			files = (
				61F3E4322A90E71400B016CE /* ChatAppUITestsLaunchTests.swift in Sources */,
				61F3E4302A90E71400B016CE /* ChatAppUITests.swift in Sources */,
			);
			runOnlyForDeploymentPostprocessing = 0;
		};
/* End PBXSourcesBuildPhase section */

/* Begin PBXTargetDependency section */
		61F3E4232A90E71400B016CE /* PBXTargetDependency */ = {
			isa = PBXTargetDependency;
			target = 61F3E4072A90E71300B016CE /* ChatApp */;
			targetProxy = 61F3E4222A90E71400B016CE /* PBXContainerItemProxy */;
		};
		61F3E42D2A90E71400B016CE /* PBXTargetDependency */ = {
			isa = PBXTargetDependency;
			target = 61F3E4072A90E71300B016CE /* ChatApp */;
			targetProxy = 61F3E42C2A90E71400B016CE /* PBXContainerItemProxy */;
		};
/* End PBXTargetDependency section */

/* Begin PBXVariantGroup section */
		61F3E4112A90E71300B016CE /* Main.storyboard */ = {
			isa = PBXVariantGroup;
			children = (
				61F3E4122A90E71300B016CE /* Base */,
			);
			name = Main.storyboard;
			sourceTree = "<group>";
		};
		61F3E4192A90E71400B016CE /* LaunchScreen.storyboard */ = {
			isa = PBXVariantGroup;
			children = (
				61F3E41A2A90E71400B016CE /* Base */,
			);
			name = LaunchScreen.storyboard;
			sourceTree = "<group>";
		};
/* End PBXVariantGroup section */

/* Begin XCBuildConfiguration section */
		61F3E4332A90E71400B016CE /* Debug */ = {
			isa = XCBuildConfiguration;
			buildSettings = {
				ALWAYS_SEARCH_USER_PATHS = NO;
				CLANG_ANALYZER_NONNULL = YES;
				CLANG_ANALYZER_NUMBER_OBJECT_CONVERSION = YES_AGGRESSIVE;
				CLANG_CXX_LANGUAGE_STANDARD = "gnu++20";
				CLANG_ENABLE_MODULES = YES;
				CLANG_ENABLE_OBJC_ARC = YES;
				CLANG_ENABLE_OBJC_WEAK = YES;
				CLANG_WARN_BLOCK_CAPTURE_AUTORELEASING = YES;
				CLANG_WARN_BOOL_CONVERSION = YES;
				CLANG_WARN_COMMA = YES;
				CLANG_WARN_CONSTANT_CONVERSION = YES;
				CLANG_WARN_DEPRECATED_OBJC_IMPLEMENTATIONS = YES;
				CLANG_WARN_DIRECT_OBJC_ISA_USAGE = YES_ERROR;
				CLANG_WARN_DOCUMENTATION_COMMENTS = YES;
				CLANG_WARN_EMPTY_BODY = YES;
				CLANG_WARN_ENUM_CONVERSION = YES;
				CLANG_WARN_INFINITE_RECURSION = YES;
				CLANG_WARN_INT_CONVERSION = YES;
				CLANG_WARN_NON_LITERAL_NULL_CONVERSION = YES;
				CLANG_WARN_OBJC_IMPLICIT_RETAIN_SELF = YES;
				CLANG_WARN_OBJC_LITERAL_CONVERSION = YES;
				CLANG_WARN_OBJC_ROOT_CLASS = YES_ERROR;
				CLANG_WARN_QUOTED_INCLUDE_IN_FRAMEWORK_HEADER = YES;
				CLANG_WARN_RANGE_LOOP_ANALYSIS = YES;
				CLANG_WARN_STRICT_PROTOTYPES = YES;
				CLANG_WARN_SUSPICIOUS_MOVE = YES;
				CLANG_WARN_UNGUARDED_AVAILABILITY = YES_AGGRESSIVE;
				CLANG_WARN_UNREACHABLE_CODE = YES;
				CLANG_WARN__DUPLICATE_METHOD_MATCH = YES;
				COPY_PHASE_STRIP = NO;
				DEBUG_INFORMATION_FORMAT = dwarf;
				ENABLE_STRICT_OBJC_MSGSEND = YES;
				ENABLE_TESTABILITY = YES;
				GCC_C_LANGUAGE_STANDARD = gnu11;
				GCC_DYNAMIC_NO_PIC = NO;
				GCC_NO_COMMON_BLOCKS = YES;
				GCC_OPTIMIZATION_LEVEL = 0;
				GCC_PREPROCESSOR_DEFINITIONS = (
					"DEBUG=1",
					"$(inherited)",
				);
				GCC_WARN_64_TO_32_BIT_CONVERSION = YES;
				GCC_WARN_ABOUT_RETURN_TYPE = YES_ERROR;
				GCC_WARN_UNDECLARED_SELECTOR = YES;
				GCC_WARN_UNINITIALIZED_AUTOS = YES_AGGRESSIVE;
				GCC_WARN_UNUSED_FUNCTION = YES;
				GCC_WARN_UNUSED_VARIABLE = YES;
				IPHONEOS_DEPLOYMENT_TARGET = 16.2;
				MTL_ENABLE_DEBUG_INFO = INCLUDE_SOURCE;
				MTL_FAST_MATH = YES;
				ONLY_ACTIVE_ARCH = YES;
				SDKROOT = iphoneos;
				SWIFT_ACTIVE_COMPILATION_CONDITIONS = DEBUG;
				SWIFT_OPTIMIZATION_LEVEL = "-Onone";
			};
			name = Debug;
		};
		61F3E4342A90E71400B016CE /* Release */ = {
			isa = XCBuildConfiguration;
			buildSettings = {
				ALWAYS_SEARCH_USER_PATHS = NO;
				CLANG_ANALYZER_NONNULL = YES;
				CLANG_ANALYZER_NUMBER_OBJECT_CONVERSION = YES_AGGRESSIVE;
				CLANG_CXX_LANGUAGE_STANDARD = "gnu++20";
				CLANG_ENABLE_MODULES = YES;
				CLANG_ENABLE_OBJC_ARC = YES;
				CLANG_ENABLE_OBJC_WEAK = YES;
				CLANG_WARN_BLOCK_CAPTURE_AUTORELEASING = YES;
				CLANG_WARN_BOOL_CONVERSION = YES;
				CLANG_WARN_COMMA = YES;
				CLANG_WARN_CONSTANT_CONVERSION = YES;
				CLANG_WARN_DEPRECATED_OBJC_IMPLEMENTATIONS = YES;
				CLANG_WARN_DIRECT_OBJC_ISA_USAGE = YES_ERROR;
				CLANG_WARN_DOCUMENTATION_COMMENTS = YES;
				CLANG_WARN_EMPTY_BODY = YES;
				CLANG_WARN_ENUM_CONVERSION = YES;
				CLANG_WARN_INFINITE_RECURSION = YES;
				CLANG_WARN_INT_CONVERSION = YES;
				CLANG_WARN_NON_LITERAL_NULL_CONVERSION = YES;
				CLANG_WARN_OBJC_IMPLICIT_RETAIN_SELF = YES;
				CLANG_WARN_OBJC_LITERAL_CONVERSION = YES;
				CLANG_WARN_OBJC_ROOT_CLASS = YES_ERROR;
				CLANG_WARN_QUOTED_INCLUDE_IN_FRAMEWORK_HEADER = YES;
				CLANG_WARN_RANGE_LOOP_ANALYSIS = YES;
				CLANG_WARN_STRICT_PROTOTYPES = YES;
				CLANG_WARN_SUSPICIOUS_MOVE = YES;
				CLANG_WARN_UNGUARDED_AVAILABILITY = YES_AGGRESSIVE;
				CLANG_WARN_UNREACHABLE_CODE = YES;
				CLANG_WARN__DUPLICATE_METHOD_MATCH = YES;
				COPY_PHASE_STRIP = NO;
				DEBUG_INFORMATION_FORMAT = "dwarf-with-dsym";
				ENABLE_NS_ASSERTIONS = NO;
				ENABLE_STRICT_OBJC_MSGSEND = YES;
				GCC_C_LANGUAGE_STANDARD = gnu11;
				GCC_NO_COMMON_BLOCKS = YES;
				GCC_WARN_64_TO_32_BIT_CONVERSION = YES;
				GCC_WARN_ABOUT_RETURN_TYPE = YES_ERROR;
				GCC_WARN_UNDECLARED_SELECTOR = YES;
				GCC_WARN_UNINITIALIZED_AUTOS = YES_AGGRESSIVE;
				GCC_WARN_UNUSED_FUNCTION = YES;
				GCC_WARN_UNUSED_VARIABLE = YES;
				IPHONEOS_DEPLOYMENT_TARGET = 16.2;
				MTL_ENABLE_DEBUG_INFO = NO;
				MTL_FAST_MATH = YES;
				SDKROOT = iphoneos;
				SWIFT_COMPILATION_MODE = wholemodule;
				SWIFT_OPTIMIZATION_LEVEL = "-O";
				VALIDATE_PRODUCT = YES;
			};
			name = Release;
		};
		61F3E4362A90E71400B016CE /* Debug */ = {
			isa = XCBuildConfiguration;
			buildSettings = {
				ASSETCATALOG_COMPILER_APPICON_NAME = AppIcon;
				ASSETCATALOG_COMPILER_GLOBAL_ACCENT_COLOR_NAME = AccentColor;
				CODE_SIGN_STYLE = Automatic;
				CURRENT_PROJECT_VERSION = 1;
				GENERATE_INFOPLIST_FILE = YES;
				INFOPLIST_FILE = ChatApp/Info.plist;
				INFOPLIST_KEY_UIApplicationSupportsIndirectInputEvents = YES;
				INFOPLIST_KEY_UILaunchStoryboardName = LaunchScreen;
				INFOPLIST_KEY_UIMainStoryboardFile = Main;
				INFOPLIST_KEY_UISupportedInterfaceOrientations_iPad = "UIInterfaceOrientationPortrait UIInterfaceOrientationPortraitUpsideDown UIInterfaceOrientationLandscapeLeft UIInterfaceOrientationLandscapeRight";
				INFOPLIST_KEY_UISupportedInterfaceOrientations_iPhone = "UIInterfaceOrientationPortrait UIInterfaceOrientationLandscapeLeft UIInterfaceOrientationLandscapeRight";
				LD_RUNPATH_SEARCH_PATHS = (
					"$(inherited)",
					"@executable_path/Frameworks",
				);
				MARKETING_VERSION = 1.0;
				PRODUCT_BUNDLE_IDENTIFIER = org.krishi.ChatApp;
				PRODUCT_NAME = "$(TARGET_NAME)";
				SWIFT_EMIT_LOC_STRINGS = YES;
				SWIFT_VERSION = 5.0;
				TARGETED_DEVICE_FAMILY = "1,2";
			};
			name = Debug;
		};
		61F3E4372A90E71400B016CE /* Release */ = {
			isa = XCBuildConfiguration;
			buildSettings = {
				ASSETCATALOG_COMPILER_APPICON_NAME = AppIcon;
				ASSETCATALOG_COMPILER_GLOBAL_ACCENT_COLOR_NAME = AccentColor;
				CODE_SIGN_STYLE = Automatic;
				CURRENT_PROJECT_VERSION = 1;
				GENERATE_INFOPLIST_FILE = YES;
				INFOPLIST_FILE = ChatApp/Info.plist;
				INFOPLIST_KEY_UIApplicationSupportsIndirectInputEvents = YES;
				INFOPLIST_KEY_UILaunchStoryboardName = LaunchScreen;
				INFOPLIST_KEY_UIMainStoryboardFile = Main;
				INFOPLIST_KEY_UISupportedInterfaceOrientations_iPad = "UIInterfaceOrientationPortrait UIInterfaceOrientationPortraitUpsideDown UIInterfaceOrientationLandscapeLeft UIInterfaceOrientationLandscapeRight";
				INFOPLIST_KEY_UISupportedInterfaceOrientations_iPhone = "UIInterfaceOrientationPortrait UIInterfaceOrientationLandscapeLeft UIInterfaceOrientationLandscapeRight";
				LD_RUNPATH_SEARCH_PATHS = (
					"$(inherited)",
					"@executable_path/Frameworks",
				);
				MARKETING_VERSION = 1.0;
				PRODUCT_BUNDLE_IDENTIFIER = org.krishi.ChatApp;
				PRODUCT_NAME = "$(TARGET_NAME)";
				SWIFT_EMIT_LOC_STRINGS = YES;
				SWIFT_VERSION = 5.0;
				TARGETED_DEVICE_FAMILY = "1,2";
			};
			name = Release;
		};
		61F3E4392A90E71400B016CE /* Debug */ = {
			isa = XCBuildConfiguration;
			buildSettings = {
				ALWAYS_EMBED_SWIFT_STANDARD_LIBRARIES = YES;
				BUNDLE_LOADER = "$(TEST_HOST)";
				CODE_SIGN_STYLE = Automatic;
				CURRENT_PROJECT_VERSION = 1;
				GENERATE_INFOPLIST_FILE = YES;
				IPHONEOS_DEPLOYMENT_TARGET = 16.2;
				MARKETING_VERSION = 1.0;
				PRODUCT_BUNDLE_IDENTIFIER = org.krishi.ChatAppTests;
				PRODUCT_NAME = "$(TARGET_NAME)";
				SWIFT_EMIT_LOC_STRINGS = NO;
				SWIFT_VERSION = 5.0;
				TARGETED_DEVICE_FAMILY = "1,2";
				TEST_HOST = "$(BUILT_PRODUCTS_DIR)/ChatApp.app/$(BUNDLE_EXECUTABLE_FOLDER_PATH)/ChatApp";
			};
			name = Debug;
		};
		61F3E43A2A90E71400B016CE /* Release */ = {
			isa = XCBuildConfiguration;
			buildSettings = {
				ALWAYS_EMBED_SWIFT_STANDARD_LIBRARIES = YES;
				BUNDLE_LOADER = "$(TEST_HOST)";
				CODE_SIGN_STYLE = Automatic;
				CURRENT_PROJECT_VERSION = 1;
				GENERATE_INFOPLIST_FILE = YES;
				IPHONEOS_DEPLOYMENT_TARGET = 16.2;
				MARKETING_VERSION = 1.0;
				PRODUCT_BUNDLE_IDENTIFIER = org.krishi.ChatAppTests;
				PRODUCT_NAME = "$(TARGET_NAME)";
				SWIFT_EMIT_LOC_STRINGS = NO;
				SWIFT_VERSION = 5.0;
				TARGETED_DEVICE_FAMILY = "1,2";
				TEST_HOST = "$(BUILT_PRODUCTS_DIR)/ChatApp.app/$(BUNDLE_EXECUTABLE_FOLDER_PATH)/ChatApp";
			};
			name = Release;
		};
		61F3E43C2A90E71400B016CE /* Debug */ = {
			isa = XCBuildConfiguration;
			buildSettings = {
				ALWAYS_EMBED_SWIFT_STANDARD_LIBRARIES = YES;
				CODE_SIGN_STYLE = Automatic;
				CURRENT_PROJECT_VERSION = 1;
				GENERATE_INFOPLIST_FILE = YES;
				MARKETING_VERSION = 1.0;
				PRODUCT_BUNDLE_IDENTIFIER = org.krishi.ChatAppUITests;
				PRODUCT_NAME = "$(TARGET_NAME)";
				SWIFT_EMIT_LOC_STRINGS = NO;
				SWIFT_VERSION = 5.0;
				TARGETED_DEVICE_FAMILY = "1,2";
				TEST_TARGET_NAME = ChatApp;
			};
			name = Debug;
		};
		61F3E43D2A90E71400B016CE /* Release */ = {
			isa = XCBuildConfiguration;
			buildSettings = {
				ALWAYS_EMBED_SWIFT_STANDARD_LIBRARIES = YES;
				CODE_SIGN_STYLE = Automatic;
				CURRENT_PROJECT_VERSION = 1;
				GENERATE_INFOPLIST_FILE = YES;
				MARKETING_VERSION = 1.0;
				PRODUCT_BUNDLE_IDENTIFIER = org.krishi.ChatAppUITests;
				PRODUCT_NAME = "$(TARGET_NAME)";
				SWIFT_EMIT_LOC_STRINGS = NO;
				SWIFT_VERSION = 5.0;
				TARGETED_DEVICE_FAMILY = "1,2";
				TEST_TARGET_NAME = ChatApp;
			};
			name = Release;
		};
/* End XCBuildConfiguration section */

/* Begin XCConfigurationList section */
		61F3E4032A90E71300B016CE /* Build configuration list for PBXProject "ChatApp" */ = {
			isa = XCConfigurationList;
			buildConfigurations = (
				61F3E4332A90E71400B016CE /* Debug */,
				61F3E4342A90E71400B016CE /* Release */,
			);
			defaultConfigurationIsVisible = 0;
			defaultConfigurationName = Release;
		};
		61F3E4352A90E71400B016CE /* Build configuration list for PBXNativeTarget "ChatApp" */ = {
			isa = XCConfigurationList;
			buildConfigurations = (
				61F3E4362A90E71400B016CE /* Debug */,
				61F3E4372A90E71400B016CE /* Release */,
			);
			defaultConfigurationIsVisible = 0;
			defaultConfigurationName = Release;
		};
		61F3E4382A90E71400B016CE /* Build configuration list for PBXNativeTarget "ChatAppTests" */ = {
			isa = XCConfigurationList;
			buildConfigurations = (
				61F3E4392A90E71400B016CE /* Debug */,
				61F3E43A2A90E71400B016CE /* Release */,
			);
			defaultConfigurationIsVisible = 0;
			defaultConfigurationName = Release;
		};
		61F3E43B2A90E71400B016CE /* Build configuration list for PBXNativeTarget "ChatAppUITests" */ = {
			isa = XCConfigurationList;
			buildConfigurations = (
				61F3E43C2A90E71400B016CE /* Debug */,
				61F3E43D2A90E71400B016CE /* Release */,
			);
			defaultConfigurationIsVisible = 0;
			defaultConfigurationName = Release;
		};
/* End XCConfigurationList section */

/* Begin XCVersionGroup section */
		61F3E4142A90E71300B016CE /* ChatApp.xcdatamodeld */ = {
			isa = XCVersionGroup;
			children = (
				61F3E4152A90E71300B016CE /* ChatApp.xcdatamodel */,
			);
			currentVersion = 61F3E4152A90E71300B016CE /* ChatApp.xcdatamodel */;
			path = ChatApp.xcdatamodeld;
			sourceTree = "<group>";
			versionGroupType = wrapper.xcdatamodel;
		};
/* End XCVersionGroup section */
	};
	rootObject = 61F3E4002A90E71300B016CE /* Project object */;
}
